
Microsoft Visual Studio Solution File, Format Version 12.00
# Visual Studio Version 17
VisualStudioVersion = 17.3.32929.385
MinimumVisualStudioVersion = 10.0.40219.1
Project("{9A19103F-16F7-4668-BE54-9A1E7A4F7556}") = "AileHekimlikSistemi.Core", "AileHekimlikSistemi.Core\AileHekimlikSistemi.Core.csproj", "{3F315585-D293-4A1B-AA31-CFE43D1FAA59}"
EndProject
Project("{9A19103F-16F7-4668-BE54-9A1E7A4F7556}") = "AileHekimlikSistemi.Repository", "AileHekimlikSistemi.Repository\AileHekimlikSistemi.Repository.csproj", "{0CF5F7A1-AF71-4C6F-9F87-C4C34EAB38D5}"
EndProject
Project("{9A19103F-16F7-4668-BE54-9A1E7A4F7556}") = "AileHekimlikSistemi.Service", "AileHekimlikSistemi.Service\AileHekimlikSistemi.Service.csproj", "{7CD053CD-E18F-4267-A12B-98BCC67783B3}"
	ProjectSection(ProjectDependencies) = postProject
		{0CF5F7A1-AF71-4C6F-9F87-C4C34EAB38D5} = {0CF5F7A1-AF71-4C6F-9F87-C4C34EAB38D5}
	EndProjectSection
EndProject
Project("{9A19103F-16F7-4668-BE54-9A1E7A4F7556}") = "AileHekimlikSistemi.API", "AileHekimlikSistemi.API\AileHekimlikSistemi.API.csproj", "{6D1CD67D-7B43-4CBF-82BD-47D4C5366FCA}"
	ProjectSection(ProjectDependencies) = postProject
		{7CD053CD-E18F-4267-A12B-98BCC67783B3} = {7CD053CD-E18F-4267-A12B-98BCC67783B3}
	EndProjectSection
EndProject
Global
	GlobalSection(SolutionConfigurationPlatforms) = preSolution
		Debug|Any CPU = Debug|Any CPU
		Release|Any CPU = Release|Any CPU
	EndGlobalSection
	GlobalSection(ProjectConfigurationPlatforms) = postSolution
		{3F315585-D293-4A1B-AA31-CFE43D1FAA59}.Debug|Any CPU.ActiveCfg = Debug|Any CPU
		{3F315585-D293-4A1B-AA31-CFE43D1FAA59}.Debug|Any CPU.Build.0 = Debug|Any CPU
		{3F315585-D293-4A1B-AA31-CFE43D1FAA59}.Release|Any CPU.ActiveCfg = Release|Any CPU
		{3F315585-D293-4A1B-AA31-CFE43D1FAA59}.Release|Any CPU.Build.0 = Release|Any CPU
		{0CF5F7A1-AF71-4C6F-9F87-C4C34EAB38D5}.Debug|Any CPU.ActiveCfg = Debug|Any CPU
		{0CF5F7A1-AF71-4C6F-9F87-C4C34EAB38D5}.Debug|Any CPU.Build.0 = Debug|Any CPU
		{0CF5F7A1-AF71-4C6F-9F87-C4C34EAB38D5}.Release|Any CPU.ActiveCfg = Release|Any CPU
		{0CF5F7A1-AF71-4C6F-9F87-C4C34EAB38D5}.Release|Any CPU.Build.0 = Release|Any CPU
		{7CD053CD-E18F-4267-A12B-98BCC67783B3}.Debug|Any CPU.ActiveCfg = Debug|Any CPU
		{7CD053CD-E18F-4267-A12B-98BCC67783B3}.Debug|Any CPU.Build.0 = Debug|Any CPU
		{7CD053CD-E18F-4267-A12B-98BCC67783B3}.Release|Any CPU.ActiveCfg = Release|Any CPU
		{7CD053CD-E18F-4267-A12B-98BCC67783B3}.Release|Any CPU.Build.0 = Release|Any CPU
		{6D1CD67D-7B43-4CBF-82BD-47D4C5366FCA}.Debug|Any CPU.ActiveCfg = Debug|Any CPU
		{6D1CD67D-7B43-4CBF-82BD-47D4C5366FCA}.Debug|Any CPU.Build.0 = Debug|Any CPU
		{6D1CD67D-7B43-4CBF-82BD-47D4C5366FCA}.Release|Any CPU.ActiveCfg = Release|Any CPU
		{6D1CD67D-7B43-4CBF-82BD-47D4C5366FCA}.Release|Any CPU.Build.0 = Release|Any CPU
	EndGlobalSection
	GlobalSection(SolutionProperties) = preSolution
		HideSolutionNode = FALSE
	EndGlobalSection
	GlobalSection(ExtensibilityGlobals) = postSolution
		SolutionGuid = {F1483EF2-E709-4A49-8A7A-0266BBFD5A78}
	EndGlobalSection
EndGlobal
